{
  "name": "course",
  "lockfileVersion": 3,
  "requires": true,
  "packages": {
    "": {
      "dependencies": {
        "altimate-code": "^0.8.10"
      }
    },
    "node_modules/@altimateai/altimate-code-darwin-arm64": {
      "version": "0.8.10",
      "resolved": "https://registry.npmjs.org/@altimateai/altimate-code-darwin-arm64/-/altimate-code-darwin-arm64-0.8.10.tgz",
      "integrity": "sha512-WUfbe9JFNy+L/5Wn/QaUEGpcGv+CcWybgIrNp4oPJSk8NH9+SmMfhNZ6ZJyX9eDdO0hRsKL8Yc1UzFfD+n2z3Q==",
      "cpu": [
        "arm64"
      ],
      "optional": true,
      "os": [
        "darwin"
      ]
    },
    "node_modules/@altimateai/altimate-code-darwin-x64": {
      "version": "0.8.10",
      "resolved": "https://registry.npmjs.org/@altimateai/altimate-code-darwin-x64/-/altimate-code-darwin-x64-0.8.10.tgz",
      "integrity": "sha512-Yn0XJlmoyQcKRqW5ivH4yUyqiXjxau76CFeHwjBsw5ntbUj793l9/aibOjZfHaGNHs2Xd/sMhRqi98aY/wUsBg==",
      "cpu": [
        "x64"
      ],
      "optional": true,
      "os": [
        "darwin"
      ]
    },
    "node_modules/@altimateai/altimate-code-darwin-x64-baseline": {
      "version": "0.8.10",
      "resolved": "https://registry.npmjs.org/@altimateai/altimate-code-darwin-x64-baseline/-/altimate-code-darwin-x64-baseline-0.8.10.tgz",
      "integrity": "sha512-6hWmDMUm5bGVdoy8NcFVGwt6JZ2Gzsx0NPHNKu7WwMJ4fAbiyZ4tamTBCdh4/B3hR7LcT6e6IOa7/xBjGeT2uA==",
      "cpu": [
        "x64"
      ],
      "optional": true,
      "os": [
        "darwin"
      ]
    },
    "node_modules/@altimateai/altimate-code-linux-arm64": {
      "version": "0.8.10",
      "resolved": "https://registry.npmjs.org/@altimateai/altimate-code-linux-arm64/-/altimate-code-linux-arm64-0.8.10.tgz",
      "integrity": "sha512-zlu3KBrDxOEKLDW61xVAiiHjMl1Dn6IB0oMH1CM3O+65MVuOlZhBuY4uWKSMR8us09IcgE0Lza7oPuez1/75xg==",
      "cpu": [
        "arm64"
      ],
      "optional": true,
      "os": [
        "linux"
      ]
    },
    "node_modules/@altimateai/altimate-code-linux-x64": {
      "version": "0.8.10",
      "resolved": "https://registry.npmjs.org/@altimateai/altimate-code-linux-x64/-/altimate-code-linux-x64-0.8.10.tgz",
      "integrity": "sha512-2coqDhzB3qPCuN+wB7AC+p2gr2FPagdSLbeAUEC9dmSuPFW6CuwxpZA8U5j7ETjVXT5KZnmTJ8PQgDrmlMVwMw==",
      "cpu": [
        "x64"
      ],
      "optional": true,
      "os": [
        "linux"
      ]
    },
    "node_modules/@altimateai/altimate-code-linux-x64-baseline": {
      "version": "0.8.10",
      "resolved": "https://registry.npmjs.org/@altimateai/altimate-code-linux-x64-baseline/-/altimate-code-linux-x64-baseline-0.8.10.tgz",
      "integrity": "sha512-Y7rNkW4zZSpVn7yo+zj2aywQhQ8MtQKhhKXiqrRdvZZPPJBajcsAZy1KV89FyX1ks/4LEtqciN1R85S6d+RydA==",
      "cpu": [
        "x64"
      ],
      "optional": true,
      "os": [
        "linux"
      ]
    },
    "node_modules/@altimateai/altimate-code-windows-x64": {
      "version": "0.8.10",
      "resolved": "https://registry.npmjs.org/@altimateai/altimate-code-windows-x64/-/altimate-code-windows-x64-0.8.10.tgz",
      "integrity": "sha512-ARZn3RRtH1i65/K98ZX7XC0RKoxYyiSObiqiggvJIEhGC0FPUGL8JxsNZLJnW0+XRZu5EGYpNes8dltaqxbkKg==",
      "cpu": [
        "x64"
      ],
      "optional": true,
      "os": [
        "win32"
      ]
    },
    "node_modules/@altimateai/altimate-code-windows-x64-baseline": {
      "version": "0.8.10",
      "resolved": "https://registry.npmjs.org/@altimateai/altimate-code-windows-x64-baseline/-/altimate-code-windows-x64-baseline-0.8.10.tgz",
      "integrity": "sha512-MsHLweVGoY/5vbAAZeO6JuHOPr2n5AOQA4aq/zBJIOd+2svyA2kW/HMZsUFeq4fe7NMDRrU49yivOLwVSPhEpw==",
      "cpu": [
        "x64"
      ],
      "optional": true,
      "os": [
        "win32"
      ]
    },
    "node_modules/@altimateai/altimate-core": {
      "version": "0.5.1",
      "resolved": "https://registry.npmjs.org/@altimateai/altimate-core/-/altimate-core-0.5.1.tgz",
      "integrity": "sha512-WnGBfERvrEqcdKRmQsvm6byAchLbvaE7EWu75/nRSJLqd8S1QrStnUZg2slmtKkY9pPT/2eEMBHBBBrYbdLBcw==",
      "license": "Apache-2.0",
      "engines": {
        "node": ">= 18"
      },
      "optionalDependencies": {
        "@altimateai/altimate-core-darwin-arm64": "0.5.1",
        "@altimateai/altimate-core-darwin-x64": "0.5.1",
        "@altimateai/altimate-core-linux-arm64-gnu": "0.5.1",
        "@altimateai/altimate-core-linux-x64-gnu": "0.5.1",
        "@altimateai/altimate-core-win32-x64-msvc": "0.5.1"
      }
    },
    "node_modules/@altimateai/altimate-core-darwin-arm64": {
      "version": "0.5.1",
      "resolved": "https://registry.npmjs.org/@altimateai/altimate-core-darwin-arm64/-/altimate-core-darwin-arm64-0.5.1.tgz",
      "integrity": "sha512-HMYbas6x+zg+c9ruvRBF/Y8miLXqbyEWdxI0289eRuTWrMMti5X3HUDbNKkTPbTuYSPk5hPRlFwMvLXNr0g39Q==",
      "cpu": [
        "arm64"
      ],
      "license": "Apache-2.0",
      "optional": true,
      "os": [
        "darwin"
      ],
      "engines": {
        "node": ">= 18"
      }
    },
    "node_modules/@altimateai/altimate-core-darwin-x64": {
      "version": "0.5.1",
      "resolved": "https://registry.npmjs.org/@altimateai/altimate-core-darwin-x64/-/altimate-core-darwin-x64-0.5.1.tgz",
      "integrity": "sha512-xVU78S9jbtYYjzeR5TJRULzSl9QZCcIZFNeAfd75t9gQoVB2QNJdiJBP5KYB6wx+FNEMYuofbDPvHyIbzNr2SA==",
      "cpu": [
        "x64"
      ],
      "license": "Apache-2.0",
      "optional": true,
      "os": [
        "darwin"
      ],
      "engines": {
        "node": ">= 18"
      }
    },
    "node_modules/@altimateai/altimate-core-linux-arm64-gnu": {
      "version": "0.5.1",
      "resolved": "https://registry.npmjs.org/@altimateai/altimate-core-linux-arm64-gnu/-/altimate-core-linux-arm64-gnu-0.5.1.tgz",
      "integrity": "sha512-55JRVxzE7P+kFzfhak+DJEjkSrHMnYCLuq4uX8jnAgQVj9slZyjWOjayvg0jJKycgloLxogviImR3uX4asZqtA==",
      "cpu": [
        "arm64"
      ],
      "libc": [
        "glibc"
      ],
      "license": "Apache-2.0",
      "optional": true,
      "os": [
        "linux"
      ],
      "engines": {
        "node": ">= 18"
      }
    },
    "node_modules/@altimateai/altimate-core-linux-x64-gnu": {
      "version": "0.5.1",
      "resolved": "https://registry.npmjs.org/@altimateai/altimate-core-linux-x64-gnu/-/altimate-core-linux-x64-gnu-0.5.1.tgz",
      "integrity": "sha512-zncu3vQN+m4/wn8BG9UXrqEMm4uICSWSyvwpQnBPe8d3YJf//IgyYIpuiCMqGgXaeH61lRDjGlHcSiYAaxN64w==",
      "cpu": [
        "x64"
      ],
      "libc": [
        "glibc"
      ],
      "license": "Apache-2.0",
      "optional": true,
      "os": [
        "linux"
      ],
      "engines": {
        "node": ">= 18"
      }
    },
    "node_modules/@altimateai/altimate-core-win32-x64-msvc": {
      "version": "0.5.1",
      "resolved": "https://registry.npmjs.org/@altimateai/altimate-core-win32-x64-msvc/-/altimate-core-win32-x64-msvc-0.5.1.tgz",
      "integrity": "sha512-3vcbPM+ci08dY9BJwp9XnTU4lBDiQZiQ9Qn7bV1ACfohlvNfwCUdsCCtVHqRtcxp8yBD+wvjPgRM2/HowUCTVg==",
      "cpu": [
        "x64"
      ],
      "license": "Apache-2.0",
      "optional": true,
      "os": [
        "win32"
      ],
      "engines": {
        "node": ">= 18"
      }
    },
    "node_modules/altimate-code": {
      "version": "0.8.10",
      "resolved": "https://registry.npmjs.org/altimate-code/-/altimate-code-0.8.10.tgz",
      "integrity": "sha512-EufjIEAd+OgYSZQvF1J5Y+8pDQ3m5/mJBdEFjeZUBwicfCf6coPBvTkrpKqUHQ4zDg/tKSovaV6awmJdRyNuOA==",
      "hasInstallScript": true,
      "license": "MIT",
      "dependencies": {
        "@altimateai/altimate-core": "0.5.1"
      },
      "bin": {
        "altimate": "bin/altimate",
        "altimate-code": "bin/altimate-code"
      },
      "optionalDependencies": {
        "@altimateai/altimate-code-darwin-arm64": "0.8.10",
        "@altimateai/altimate-code-darwin-x64": "0.8.10",
        "@altimateai/altimate-code-darwin-x64-baseline": "0.8.10",
        "@altimateai/altimate-code-linux-arm64": "0.8.10",
        "@altimateai/altimate-code-linux-x64": "0.8.10",
        "@altimateai/altimate-code-linux-x64-baseline": "0.8.10",
        "@altimateai/altimate-code-windows-x64": "0.8.10",
        "@altimateai/altimate-code-windows-x64-baseline": "0.8.10"
      },
      "peerDependencies": {
        "@clickhouse/client": ">=1",
        "@databricks/sql": ">=1",
        "@google-cloud/bigquery": ">=8",
        "duckdb": ">=1",
        "mssql": ">=11",
        "mysql2": ">=3",
        "oracledb": ">=6",
        "pg": ">=8",
        "snowflake-sdk": ">=1",
        "trino-client": ">=0.2"
      },
      "peerDependenciesMeta": {
        "@clickhouse/client": {
          "optional": true
        },
        "@databricks/sql": {
          "optional": true
        },
        "@google-cloud/bigquery": {
          "optional": true
        },
        "duckdb": {
          "optional": true
        },
        "mssql": {
          "optional": true
        },
        "mysql2": {
          "optional": true
        },
        "oracledb": {
          "optional": true
        },
        "pg": {
          "optional": true
        },
        "snowflake-sdk": {
          "optional": true
        },
        "trino-client": {
          "optional": true
        }
      }
    }
  }
}
